
Microsoft Visual Studio Solution File, Format Version 12.00
# Visual Studio Version 17
VisualStudioVersion = 17.0.31903.59
MinimumVisualStudioVersion = 10.0.40219.1
Project("{9A19103F-16F7-4668-BE54-9A1E7A4F7556}") = "Core", "src\Core\Core.csproj", "{49426196-C29D-45D5-A222-EEE9507BD32D}"
EndProject
Project("{9A19103F-16F7-4668-BE54-9A1E7A4F7556}") = "Cli", "src\Cli\Cli.csproj", "{2F804F29-2275-4A06-A788-1A8716B93011}"
EndProject
Project("{2150E333-8FDC-42A3-9474-1A3956D46DE8}") = "tests", "tests", "{07DBE925-DED5-4594-83E9-FBD648283B98}"
EndProject
Project("{9A19103F-16F7-4668-BE54-9A1E7A4F7556}") = "Core.Tests", "tests\Core.Tests\Core.Tests.csproj", "{6C792AC5-E8F6-41D8-AB71-65AC52DB238F}"
EndProject
Project("{9A19103F-16F7-4668-BE54-9A1E7A4F7556}") = "Cli.Tests", "tests\Cli.Tests\Cli.Tests.csproj", "{DF10E0A1-FCBE-4C0B-9779-6D7C2EDF2C60}"
EndProject
Project("{2150E333-8FDC-42A3-9474-1A3956D46DE8}") = "Files", "Files", "{4398A8F6-C6ED-4C95-BF38-12C945F9F5BF}"
	ProjectSection(SolutionItems) = preProject
		.github\workflows\dotnet-pr.yml = .github\workflows\dotnet-pr.yml
		.github\workflows\dotnet-release.yml = .github\workflows\dotnet-release.yml
		README.md = README.md
	EndProjectSection
EndProject
Project("{FAE04EC0-301F-11D3-BF4B-00C04F79EFBC}") = "FileSystemAccess", "src\FileSystemAccess\FileSystemAccess.csproj", "{ABD52B2A-1060-4E58-9B6E-9E38DF10B0BD}"
EndProject
Project("{FAE04EC0-301F-11D3-BF4B-00C04F79EFBC}") = "DependenciesCenter", "src\DependenciesCenter\DependenciesCenter.csproj", "{4CCDD5D6-F8D9-4F06-93EB-16E524C87013}"
EndProject
Global
	GlobalSection(SolutionConfigurationPlatforms) = preSolution
		Debug|Any CPU = Debug|Any CPU
		Release|Any CPU = Release|Any CPU
	EndGlobalSection
	GlobalSection(ProjectConfigurationPlatforms) = postSolution
		{49426196-C29D-45D5-A222-EEE9507BD32D}.Debug|Any CPU.ActiveCfg = Debug|Any CPU
		{49426196-C29D-45D5-A222-EEE9507BD32D}.Debug|Any CPU.Build.0 = Debug|Any CPU
		{49426196-C29D-45D5-A222-EEE9507BD32D}.Release|Any CPU.ActiveCfg = Release|Any CPU
		{49426196-C29D-45D5-A222-EEE9507BD32D}.Release|Any CPU.Build.0 = Release|Any CPU
		{2F804F29-2275-4A06-A788-1A8716B93011}.Debug|Any CPU.ActiveCfg = Debug|Any CPU
		{2F804F29-2275-4A06-A788-1A8716B93011}.Debug|Any CPU.Build.0 = Debug|Any CPU
		{2F804F29-2275-4A06-A788-1A8716B93011}.Release|Any CPU.ActiveCfg = Release|Any CPU
		{2F804F29-2275-4A06-A788-1A8716B93011}.Release|Any CPU.Build.0 = Release|Any CPU
		{6C792AC5-E8F6-41D8-AB71-65AC52DB238F}.Debug|Any CPU.ActiveCfg = Debug|Any CPU
		{6C792AC5-E8F6-41D8-AB71-65AC52DB238F}.Debug|Any CPU.Build.0 = Debug|Any CPU
		{6C792AC5-E8F6-41D8-AB71-65AC52DB238F}.Release|Any CPU.ActiveCfg = Release|Any CPU
		{6C792AC5-E8F6-41D8-AB71-65AC52DB238F}.Release|Any CPU.Build.0 = Release|Any CPU
		{DF10E0A1-FCBE-4C0B-9779-6D7C2EDF2C60}.Debug|Any CPU.ActiveCfg = Debug|Any CPU
		{DF10E0A1-FCBE-4C0B-9779-6D7C2EDF2C60}.Debug|Any CPU.Build.0 = Debug|Any CPU
		{DF10E0A1-FCBE-4C0B-9779-6D7C2EDF2C60}.Release|Any CPU.ActiveCfg = Release|Any CPU
		{DF10E0A1-FCBE-4C0B-9779-6D7C2EDF2C60}.Release|Any CPU.Build.0 = Release|Any CPU
		{ABD52B2A-1060-4E58-9B6E-9E38DF10B0BD}.Debug|Any CPU.ActiveCfg = Debug|Any CPU
		{ABD52B2A-1060-4E58-9B6E-9E38DF10B0BD}.Debug|Any CPU.Build.0 = Debug|Any CPU
		{ABD52B2A-1060-4E58-9B6E-9E38DF10B0BD}.Release|Any CPU.ActiveCfg = Release|Any CPU
		{ABD52B2A-1060-4E58-9B6E-9E38DF10B0BD}.Release|Any CPU.Build.0 = Release|Any CPU
		{4CCDD5D6-F8D9-4F06-93EB-16E524C87013}.Debug|Any CPU.ActiveCfg = Debug|Any CPU
		{4CCDD5D6-F8D9-4F06-93EB-16E524C87013}.Debug|Any CPU.Build.0 = Debug|Any CPU
		{4CCDD5D6-F8D9-4F06-93EB-16E524C87013}.Release|Any CPU.ActiveCfg = Release|Any CPU
		{4CCDD5D6-F8D9-4F06-93EB-16E524C87013}.Release|Any CPU.Build.0 = Release|Any CPU
	EndGlobalSection
	GlobalSection(SolutionProperties) = preSolution
		HideSolutionNode = FALSE
	EndGlobalSection
	GlobalSection(NestedProjects) = preSolution
		{6C792AC5-E8F6-41D8-AB71-65AC52DB238F} = {07DBE925-DED5-4594-83E9-FBD648283B98}
		{DF10E0A1-FCBE-4C0B-9779-6D7C2EDF2C60} = {07DBE925-DED5-4594-83E9-FBD648283B98}
	EndGlobalSection
	GlobalSection(ExtensibilityGlobals) = postSolution
		SolutionGuid = {E498D567-4BCF-4FBB-83DE-91EA8891B3EF}
	EndGlobalSection
EndGlobal
