
Microsoft Visual Studio Solution File, Format Version 12.00
# Visual Studio Version 17
VisualStudioVersion = 17.0.31903.59
MinimumVisualStudioVersion = 10.0.40219.1
Project("{9A19103F-16F7-4668-BE54-9A1E7A4F7556}") = "adr-power-core", "src\core\adr-power-core.csproj", "{49426196-C29D-45D5-A222-EEE9507BD32D}"
EndProject
Project("{9A19103F-16F7-4668-BE54-9A1E7A4F7556}") = "adr-power-cli", "src\cli\adr-power-cli.csproj", "{2F804F29-2275-4A06-A788-1A8716B93011}"
EndProject
Global
	GlobalSection(SolutionConfigurationPlatforms) = preSolution
		Debug|Any CPU = Debug|Any CPU
		Release|Any CPU = Release|Any CPU
	EndGlobalSection
	GlobalSection(ProjectConfigurationPlatforms) = postSolution
		{49426196-C29D-45D5-A222-EEE9507BD32D}.Debug|Any CPU.ActiveCfg = Debug|Any CPU
		{49426196-C29D-45D5-A222-EEE9507BD32D}.Debug|Any CPU.Build.0 = Debug|Any CPU
		{49426196-C29D-45D5-A222-EEE9507BD32D}.Release|Any CPU.ActiveCfg = Release|Any CPU
		{49426196-C29D-45D5-A222-EEE9507BD32D}.Release|Any CPU.Build.0 = Release|Any CPU
		{2F804F29-2275-4A06-A788-1A8716B93011}.Debug|Any CPU.ActiveCfg = Debug|Any CPU
		{2F804F29-2275-4A06-A788-1A8716B93011}.Debug|Any CPU.Build.0 = Debug|Any CPU
		{2F804F29-2275-4A06-A788-1A8716B93011}.Release|Any CPU.ActiveCfg = Release|Any CPU
		{2F804F29-2275-4A06-A788-1A8716B93011}.Release|Any CPU.Build.0 = Release|Any CPU
	EndGlobalSection
	GlobalSection(SolutionProperties) = preSolution
		HideSolutionNode = FALSE
	EndGlobalSection
	GlobalSection(ExtensibilityGlobals) = postSolution
		SolutionGuid = {E498D567-4BCF-4FBB-83DE-91EA8891B3EF}
	EndGlobalSection
EndGlobal
